
Microsoft Visual Studio Solution File, Format Version 12.00
# Visual Studio 15
VisualStudioVersion = 15.0.28307.168
MinimumVisualStudioVersion = 10.0.40219.1
Project("{FAE04EC0-301F-11D3-BF4B-00C04F79EFBC}") = "EvolveApp1", "EvolveApp1\EvolveApp1.csproj", "{82F91615-4DCD-4A47-8438-C1F7B7F672D9}"
EndProject
Project("{FAE04EC0-301F-11D3-BF4B-00C04F79EFBC}") = "EvolveLib", "EvolveLib\EvolveLib.csproj", "{BBDF201E-7E06-41B3-80F1-DD22BA0E8FDF}"
EndProject
Project("{9092AA53-FB77-4645-B42D-1CCCA6BD08BD}") = "NodejsConApp", "NodejsConApp\NodejsConApp.njsproj", "{ACC3EE8A-9FC4-48E3-A4A8-EAD65090EF90}"
EndProject
Global
	GlobalSection(SolutionConfigurationPlatforms) = preSolution
		Debug|Any CPU = Debug|Any CPU
		Release|Any CPU = Release|Any CPU
	EndGlobalSection
	GlobalSection(ProjectConfigurationPlatforms) = postSolution
		{82F91615-4DCD-4A47-8438-C1F7B7F672D9}.Debug|Any CPU.ActiveCfg = Debug|Any CPU
		{82F91615-4DCD-4A47-8438-C1F7B7F672D9}.Debug|Any CPU.Build.0 = Debug|Any CPU
		{82F91615-4DCD-4A47-8438-C1F7B7F672D9}.Release|Any CPU.ActiveCfg = Release|Any CPU
		{82F91615-4DCD-4A47-8438-C1F7B7F672D9}.Release|Any CPU.Build.0 = Release|Any CPU
		{BBDF201E-7E06-41B3-80F1-DD22BA0E8FDF}.Debug|Any CPU.ActiveCfg = Debug|Any CPU
		{BBDF201E-7E06-41B3-80F1-DD22BA0E8FDF}.Debug|Any CPU.Build.0 = Debug|Any CPU
		{BBDF201E-7E06-41B3-80F1-DD22BA0E8FDF}.Release|Any CPU.ActiveCfg = Release|Any CPU
		{BBDF201E-7E06-41B3-80F1-DD22BA0E8FDF}.Release|Any CPU.Build.0 = Release|Any CPU
		{ACC3EE8A-9FC4-48E3-A4A8-EAD65090EF90}.Debug|Any CPU.ActiveCfg = Debug|Any CPU
		{ACC3EE8A-9FC4-48E3-A4A8-EAD65090EF90}.Debug|Any CPU.Build.0 = Debug|Any CPU
		{ACC3EE8A-9FC4-48E3-A4A8-EAD65090EF90}.Release|Any CPU.ActiveCfg = Release|Any CPU
		{ACC3EE8A-9FC4-48E3-A4A8-EAD65090EF90}.Release|Any CPU.Build.0 = Release|Any CPU
	EndGlobalSection
	GlobalSection(SolutionProperties) = preSolution
		HideSolutionNode = FALSE
	EndGlobalSection
	GlobalSection(ExtensibilityGlobals) = postSolution
		SolutionGuid = {DBC92918-A0A5-4B2C-B872-A941B947401E}
	EndGlobalSection
EndGlobal
